
Microsoft Visual Studio Solution File, Format Version 12.00
# Visual Studio 15
VisualStudioVersion = 15.0.26730.12
MinimumVisualStudioVersion = 10.0.40219.1
Project("{FAE04EC0-301F-11D3-BF4B-00C04F79EFBC}") = "robots", "robots\robots.csproj", "{5756CCDC-F7C2-4F29-8DAC-9ECB21D75BF3}"
EndProject
Project("{FAE04EC0-301F-11D3-BF4B-00C04F79EFBC}") = "tymczasowy", "tymczasowy\tymczasowy.csproj", "{C30B9472-7556-480A-B370-5C6DEBE09F02}"
EndProject
Global
	GlobalSection(SolutionConfigurationPlatforms) = preSolution
		Debug|Any CPU = Debug|Any CPU
		Release|Any CPU = Release|Any CPU
	EndGlobalSection
	GlobalSection(ProjectConfigurationPlatforms) = postSolution
		{5756CCDC-F7C2-4F29-8DAC-9ECB21D75BF3}.Debug|Any CPU.ActiveCfg = Debug|Any CPU
		{5756CCDC-F7C2-4F29-8DAC-9ECB21D75BF3}.Debug|Any CPU.Build.0 = Debug|Any CPU
		{5756CCDC-F7C2-4F29-8DAC-9ECB21D75BF3}.Release|Any CPU.ActiveCfg = Release|Any CPU
		{5756CCDC-F7C2-4F29-8DAC-9ECB21D75BF3}.Release|Any CPU.Build.0 = Release|Any CPU
		{C30B9472-7556-480A-B370-5C6DEBE09F02}.Debug|Any CPU.ActiveCfg = Debug|Any CPU
		{C30B9472-7556-480A-B370-5C6DEBE09F02}.Debug|Any CPU.Build.0 = Debug|Any CPU
		{C30B9472-7556-480A-B370-5C6DEBE09F02}.Release|Any CPU.ActiveCfg = Release|Any CPU
		{C30B9472-7556-480A-B370-5C6DEBE09F02}.Release|Any CPU.Build.0 = Release|Any CPU
	EndGlobalSection
	GlobalSection(SolutionProperties) = preSolution
		HideSolutionNode = FALSE
	EndGlobalSection
	GlobalSection(ExtensibilityGlobals) = postSolution
		SolutionGuid = {340F51E2-2F93-43F7-B5E7-82339AE423B3}
	EndGlobalSection
EndGlobal
